// !$*UTF8*$!
{
	archiveVersion = 1;
	classes = {
	};
	objectVersion = 46;
	objects = {

/* Begin PBXBuildFile section */
		03E114061A18305300F3EB87 /* base_test.cc in Sources */ = {isa = PBXBuildFile; fileRef = 03E114041A18305300F3EB87 /* base_test.cc */; };
		03E114121A18338E00F3EB87 /* libio.a in Frameworks */ = {isa = PBXBuildFile; fileRef = 03E114111A18338E00F3EB87 /* libio.a */; };
		03E114141A18342300F3EB87 /* libbase.a in Frameworks */ = {isa = PBXBuildFile; fileRef = 03E114131A18342300F3EB87 /* libbase.a */; };
		03FCFA4519EA4EDC00596EB1 /* AppDelegate.swift in Sources */ = {isa = PBXBuildFile; fileRef = 03FCFA4419EA4EDC00596EB1 /* AppDelegate.swift */; };
		03FCFA4719EA4EDC00596EB1 /* FirstViewController.swift in Sources */ = {isa = PBXBuildFile; fileRef = 03FCFA4619EA4EDC00596EB1 /* FirstViewController.swift */; };
		03FCFA4919EA4EDC00596EB1 /* SecondViewController.swift in Sources */ = {isa = PBXBuildFile; fileRef = 03FCFA4819EA4EDC00596EB1 /* SecondViewController.swift */; };
		03FCFA4C19EA4EDC00596EB1 /* Main.storyboard in Resources */ = {isa = PBXBuildFile; fileRef = 03FCFA4A19EA4EDC00596EB1 /* Main.storyboard */; };
		03FCFA4E19EA4EDC00596EB1 /* Images.xcassets in Resources */ = {isa = PBXBuildFile; fileRef = 03FCFA4D19EA4EDC00596EB1 /* Images.xcassets */; };
		03FCFA5119EA4EDC00596EB1 /* LaunchScreen.xib in Resources */ = {isa = PBXBuildFile; fileRef = 03FCFA4F19EA4EDC00596EB1 /* LaunchScreen.xib */; };
		03FCFA6B19EA522100596EB1 /* TestRunnerObjC.mm in Sources */ = {isa = PBXBuildFile; fileRef = 03FCFA6A19EA522100596EB1 /* TestRunnerObjC.mm */; };
		03FCFA7419EA5AAF00596EB1 /* net_test.cc in Sources */ = {isa = PBXBuildFile; fileRef = 03FCFA7319EA5AAF00596EB1 /* net_test.cc */; };
		03FCFAFC19EA6ADB00596EB1 /* libgtest.a in Frameworks */ = {isa = PBXBuildFile; fileRef = 03FCFAFB19EA6ADB00596EB1 /* libgtest.a */; };
/* End PBXBuildFile section */

/* Begin PBXFileReference section */
		03E114041A18305300F3EB87 /* base_test.cc */ = {isa = PBXFileReference; fileEncoding = 4; lastKnownFileType = sourcecode.cpp.cpp; name = base_test.cc; path = ../base/base_test.cc; sourceTree = "<group>"; };
		03E114111A18338E00F3EB87 /* libio.a */ = {isa = PBXFileReference; lastKnownFileType = archive.ar; name = libio.a; path = "../../io/build/Debug-iphoneos/libio.a"; sourceTree = "<group>"; };
		03E114131A18342300F3EB87 /* libbase.a */ = {isa = PBXFileReference; lastKnownFileType = archive.ar; name = libbase.a; path = "../../base/build/Debug-iphoneos/libbase.a"; sourceTree = "<group>"; };
		03FCFA3F19EA4EDC00596EB1 /* testrunner.app */ = {isa = PBXFileReference; explicitFileType = wrapper.application; includeInIndex = 0; path = testrunner.app; sourceTree = BUILT_PRODUCTS_DIR; };
		03FCFA4319EA4EDC00596EB1 /* Info.plist */ = {isa = PBXFileReference; lastKnownFileType = text.plist.xml; path = Info.plist; sourceTree = "<group>"; };
		03FCFA4419EA4EDC00596EB1 /* AppDelegate.swift */ = {isa = PBXFileReference; lastKnownFileType = sourcecode.swift; path = AppDelegate.swift; sourceTree = "<group>"; };
		03FCFA4619EA4EDC00596EB1 /* FirstViewController.swift */ = {isa = PBXFileReference; lastKnownFileType = sourcecode.swift; path = FirstViewController.swift; sourceTree = "<group>"; };
		03FCFA4819EA4EDC00596EB1 /* SecondViewController.swift */ = {isa = PBXFileReference; lastKnownFileType = sourcecode.swift; path = SecondViewController.swift; sourceTree = "<group>"; };
		03FCFA4B19EA4EDC00596EB1 /* Base */ = {isa = PBXFileReference; lastKnownFileType = file.storyboard; name = Base; path = Base.lproj/Main.storyboard; sourceTree = "<group>"; };
		03FCFA4D19EA4EDC00596EB1 /* Images.xcassets */ = {isa = PBXFileReference; lastKnownFileType = folder.assetcatalog; path = Images.xcassets; sourceTree = "<group>"; };
		03FCFA5019EA4EDC00596EB1 /* Base */ = {isa = PBXFileReference; lastKnownFileType = file.xib; name = Base; path = Base.lproj/LaunchScreen.xib; sourceTree = "<group>"; };
		03FCFA6919EA522000596EB1 /* testrunner-Bridging-Header.h */ = {isa = PBXFileReference; lastKnownFileType = sourcecode.c.h; path = "testrunner-Bridging-Header.h"; sourceTree = "<group>"; };
		03FCFA6A19EA522100596EB1 /* TestRunnerObjC.mm */ = {isa = PBXFileReference; fileEncoding = 4; lastKnownFileType = sourcecode.cpp.objcpp; path = TestRunnerObjC.mm; sourceTree = "<group>"; };
		03FCFA6C19EA523900596EB1 /* TestRunnerObjC.h */ = {isa = PBXFileReference; lastKnownFileType = sourcecode.c.h; path = TestRunnerObjC.h; sourceTree = "<group>"; };
		03FCFA7319EA5AAF00596EB1 /* net_test.cc */ = {isa = PBXFileReference; fileEncoding = 4; lastKnownFileType = sourcecode.cpp.cpp; name = net_test.cc; path = ../io/net_test.cc; sourceTree = "<group>"; };
		03FCFAFB19EA6ADB00596EB1 /* libgtest.a */ = {isa = PBXFileReference; lastKnownFileType = archive.ar; path = libgtest.a; sourceTree = "<group>"; };
		03FCFAFD19EA6B0B00596EB1 /* gtest_pred_impl.h */ = {isa = PBXFileReference; fileEncoding = 4; lastKnownFileType = sourcecode.c.h; path = gtest_pred_impl.h; sourceTree = "<group>"; };
		03FCFAFE19EA6B0B00596EB1 /* gtest_prod.h */ = {isa = PBXFileReference; fileEncoding = 4; lastKnownFileType = sourcecode.c.h; path = gtest_prod.h; sourceTree = "<group>"; };
		03FCFAFF19EA6B0B00596EB1 /* gtest-death-test.h */ = {isa = PBXFileReference; fileEncoding = 4; lastKnownFileType = sourcecode.c.h; path = "gtest-death-test.h"; sourceTree = "<group>"; };
		03FCFB0019EA6B0B00596EB1 /* gtest-message.h */ = {isa = PBXFileReference; fileEncoding = 4; lastKnownFileType = sourcecode.c.h; path = "gtest-message.h"; sourceTree = "<group>"; };
		03FCFB0119EA6B0B00596EB1 /* gtest-param-test.h */ = {isa = PBXFileReference; fileEncoding = 4; lastKnownFileType = sourcecode.c.h; path = "gtest-param-test.h"; sourceTree = "<group>"; };
		03FCFB0219EA6B0B00596EB1 /* gtest-printers.h */ = {isa = PBXFileReference; fileEncoding = 4; lastKnownFileType = sourcecode.c.h; path = "gtest-printers.h"; sourceTree = "<group>"; };
		03FCFB0319EA6B0B00596EB1 /* gtest-spi.h */ = {isa = PBXFileReference; fileEncoding = 4; lastKnownFileType = sourcecode.c.h; path = "gtest-spi.h"; sourceTree = "<group>"; };
		03FCFB0419EA6B0B00596EB1 /* gtest-test-part.h */ = {isa = PBXFileReference; fileEncoding = 4; lastKnownFileType = sourcecode.c.h; path = "gtest-test-part.h"; sourceTree = "<group>"; };
		03FCFB0519EA6B0B00596EB1 /* gtest-typed-test.h */ = {isa = PBXFileReference; fileEncoding = 4; lastKnownFileType = sourcecode.c.h; path = "gtest-typed-test.h"; sourceTree = "<group>"; };
		03FCFB0619EA6B0B00596EB1 /* gtest.h */ = {isa = PBXFileReference; fileEncoding = 4; lastKnownFileType = sourcecode.c.h; path = gtest.h; sourceTree = "<group>"; };
		03FCFB0819EA6B0B00596EB1 /* gtest-death-test-internal.h */ = {isa = PBXFileReference; fileEncoding = 4; lastKnownFileType = sourcecode.c.h; path = "gtest-death-test-internal.h"; sourceTree = "<group>"; };
		03FCFB0919EA6B0B00596EB1 /* gtest-filepath.h */ = {isa = PBXFileReference; fileEncoding = 4; lastKnownFileType = sourcecode.c.h; path = "gtest-filepath.h"; sourceTree = "<group>"; };
		03FCFB0A19EA6B0B00596EB1 /* gtest-internal.h */ = {isa = PBXFileReference; fileEncoding = 4; lastKnownFileType = sourcecode.c.h; path = "gtest-internal.h"; sourceTree = "<group>"; };
		03FCFB0B19EA6B0B00596EB1 /* gtest-linked_ptr.h */ = {isa = PBXFileReference; fileEncoding = 4; lastKnownFileType = sourcecode.c.h; path = "gtest-linked_ptr.h"; sourceTree = "<group>"; };
		03FCFB0C19EA6B0B00596EB1 /* gtest-param-util-generated.h */ = {isa = PBXFileReference; fileEncoding = 4; lastKnownFileType = sourcecode.c.h; path = "gtest-param-util-generated.h"; sourceTree = "<group>"; };
		03FCFB0D19EA6B0B00596EB1 /* gtest-param-util.h */ = {isa = PBXFileReference; fileEncoding = 4; lastKnownFileType = sourcecode.c.h; path = "gtest-param-util.h"; sourceTree = "<group>"; };
		03FCFB0E19EA6B0B00596EB1 /* gtest-port.h */ = {isa = PBXFileReference; fileEncoding = 4; lastKnownFileType = sourcecode.c.h; path = "gtest-port.h"; sourceTree = "<group>"; };
		03FCFB0F19EA6B0B00596EB1 /* gtest-string.h */ = {isa = PBXFileReference; fileEncoding = 4; lastKnownFileType = sourcecode.c.h; path = "gtest-string.h"; sourceTree = "<group>"; };
		03FCFB1019EA6B0B00596EB1 /* gtest-tuple.h */ = {isa = PBXFileReference; fileEncoding = 4; lastKnownFileType = sourcecode.c.h; path = "gtest-tuple.h"; sourceTree = "<group>"; };
		03FCFB1119EA6B0B00596EB1 /* gtest-type-util.h */ = {isa = PBXFileReference; fileEncoding = 4; lastKnownFileType = sourcecode.c.h; path = "gtest-type-util.h"; sourceTree = "<group>"; };
/* End PBXFileReference section */

/* Begin PBXFrameworksBuildPhase section */
		03FCFA3C19EA4EDC00596EB1 /* Frameworks */ = {
			isa = PBXFrameworksBuildPhase;
			buildActionMask = 2147483647;
			files = (
				03E114141A18342300F3EB87 /* libbase.a in Frameworks */,
				03E114121A18338E00F3EB87 /* libio.a in Frameworks */,
				03FCFAFC19EA6ADB00596EB1 /* libgtest.a in Frameworks */,
			);
			runOnlyForDeploymentPostprocessing = 0;
		};
/* End PBXFrameworksBuildPhase section */

/* Begin PBXGroup section */
		03E113CC1A1050B000F3EB87 /* base */ = {
			isa = PBXGroup;
			children = (
				03E114041A18305300F3EB87 /* base_test.cc */,
			);
			name = base;
			sourceTree = "<group>";
		};
		03E1140F1A18333800F3EB87 /* dependencies */ = {
			isa = PBXGroup;
			children = (
			);
			name = dependencies;
			sourceTree = "<group>";
		};
		03FCFA3619EA4EDC00596EB1 = {
			isa = PBXGroup;
			children = (
				03E114131A18342300F3EB87 /* libbase.a */,
				03E114111A18338E00F3EB87 /* libio.a */,
				03E1140F1A18333800F3EB87 /* dependencies */,
				03FCFAFA19EA6AAE00596EB1 /* gtest */,
				03FCFA6619EA4F0800596EB1 /* src */,
				03FCFA4119EA4EDC00596EB1 /* testrunner */,
				03FCFA4019EA4EDC00596EB1 /* Products */,
			);
			sourceTree = "<group>";
		};
		03FCFA4019EA4EDC00596EB1 /* Products */ = {
			isa = PBXGroup;
			children = (
				03FCFA3F19EA4EDC00596EB1 /* testrunner.app */,
			);
			name = Products;
			sourceTree = "<group>";
		};
		03FCFA4119EA4EDC00596EB1 /* testrunner */ = {
			isa = PBXGroup;
			children = (
				03FCFA4419EA4EDC00596EB1 /* AppDelegate.swift */,
				03FCFA4619EA4EDC00596EB1 /* FirstViewController.swift */,
				03FCFA4819EA4EDC00596EB1 /* SecondViewController.swift */,
				03FCFA4A19EA4EDC00596EB1 /* Main.storyboard */,
				03FCFA4D19EA4EDC00596EB1 /* Images.xcassets */,
				03FCFA4F19EA4EDC00596EB1 /* LaunchScreen.xib */,
				03FCFA4219EA4EDC00596EB1 /* Supporting Files */,
				03FCFA6A19EA522100596EB1 /* TestRunnerObjC.mm */,
				03FCFA6C19EA523900596EB1 /* TestRunnerObjC.h */,
				03FCFA6919EA522000596EB1 /* testrunner-Bridging-Header.h */,
			);
			path = testrunner;
			sourceTree = "<group>";
		};
		03FCFA4219EA4EDC00596EB1 /* Supporting Files */ = {
			isa = PBXGroup;
			children = (
				03FCFA4319EA4EDC00596EB1 /* Info.plist */,
			);
			name = "Supporting Files";
			sourceTree = "<group>";
		};
		03FCFA6619EA4F0800596EB1 /* src */ = {
			isa = PBXGroup;
			children = (
				03E113CC1A1050B000F3EB87 /* base */,
				03FCFA7219EA5A9A00596EB1 /* io */,
			);
			name = src;
			sourceTree = "<group>";
		};
		03FCFA7219EA5A9A00596EB1 /* io */ = {
			isa = PBXGroup;
			children = (
				03FCFA7319EA5AAF00596EB1 /* net_test.cc */,
			);
			name = io;
			path = ../io;
			sourceTree = SOURCE_ROOT;
		};
		03FCFAFA19EA6AAE00596EB1 /* gtest */ = {
			isa = PBXGroup;
			children = (
				03FCFAFD19EA6B0B00596EB1 /* gtest_pred_impl.h */,
				03FCFAFE19EA6B0B00596EB1 /* gtest_prod.h */,
				03FCFAFF19EA6B0B00596EB1 /* gtest-death-test.h */,
				03FCFB0019EA6B0B00596EB1 /* gtest-message.h */,
				03FCFB0119EA6B0B00596EB1 /* gtest-param-test.h */,
				03FCFB0219EA6B0B00596EB1 /* gtest-printers.h */,
				03FCFB0319EA6B0B00596EB1 /* gtest-spi.h */,
				03FCFB0419EA6B0B00596EB1 /* gtest-test-part.h */,
				03FCFB0519EA6B0B00596EB1 /* gtest-typed-test.h */,
				03FCFB0619EA6B0B00596EB1 /* gtest.h */,
				03FCFB0719EA6B0B00596EB1 /* internal */,
				03FCFAFB19EA6ADB00596EB1 /* libgtest.a */,
			);
			path = gtest;
			sourceTree = "<group>";
		};
		03FCFB0719EA6B0B00596EB1 /* internal */ = {
			isa = PBXGroup;
			children = (
				03FCFB0819EA6B0B00596EB1 /* gtest-death-test-internal.h */,
				03FCFB0919EA6B0B00596EB1 /* gtest-filepath.h */,
				03FCFB0A19EA6B0B00596EB1 /* gtest-internal.h */,
				03FCFB0B19EA6B0B00596EB1 /* gtest-linked_ptr.h */,
				03FCFB0C19EA6B0B00596EB1 /* gtest-param-util-generated.h */,
				03FCFB0D19EA6B0B00596EB1 /* gtest-param-util.h */,
				03FCFB0E19EA6B0B00596EB1 /* gtest-port.h */,
				03FCFB0F19EA6B0B00596EB1 /* gtest-string.h */,
				03FCFB1019EA6B0B00596EB1 /* gtest-tuple.h */,
				03FCFB1119EA6B0B00596EB1 /* gtest-type-util.h */,
			);
			path = internal;
			sourceTree = "<group>";
		};
/* End PBXGroup section */

/* Begin PBXNativeTarget section */
		03FCFA3E19EA4EDC00596EB1 /* testrunner */ = {
			isa = PBXNativeTarget;
			buildConfigurationList = 03FCFA6019EA4EDC00596EB1 /* Build configuration list for PBXNativeTarget "testrunner" */;
			buildPhases = (
				03FCFA3B19EA4EDC00596EB1 /* Sources */,
				03FCFA3C19EA4EDC00596EB1 /* Frameworks */,
				03FCFA3D19EA4EDC00596EB1 /* Resources */,
			);
			buildRules = (
			);
			dependencies = (
			);
			name = testrunner;
			productName = testrunner;
			productReference = 03FCFA3F19EA4EDC00596EB1 /* testrunner.app */;
			productType = "com.apple.product-type.application";
		};
/* End PBXNativeTarget section */

/* Begin PBXProject section */
		03FCFA3719EA4EDC00596EB1 /* Project object */ = {
			isa = PBXProject;
			attributes = {
				LastUpgradeCheck = 0600;
				ORGANIZATIONNAME = schwaftwarez;
				TargetAttributes = {
					03FCFA3E19EA4EDC00596EB1 = {
						CreatedOnToolsVersion = 6.0.1;
					};
				};
			};
			buildConfigurationList = 03FCFA3A19EA4EDC00596EB1 /* Build configuration list for PBXProject "testrunner" */;
			compatibilityVersion = "Xcode 3.2";
			developmentRegion = English;
			hasScannedForEncodings = 0;
			knownRegions = (
				en,
				Base,
			);
			mainGroup = 03FCFA3619EA4EDC00596EB1;
			productRefGroup = 03FCFA4019EA4EDC00596EB1 /* Products */;
			projectDirPath = "";
			projectRoot = "";
			targets = (
				03FCFA3E19EA4EDC00596EB1 /* testrunner */,
			);
		};
/* End PBXProject section */

/* Begin PBXResourcesBuildPhase section */
		03FCFA3D19EA4EDC00596EB1 /* Resources */ = {
			isa = PBXResourcesBuildPhase;
			buildActionMask = 2147483647;
			files = (
				03FCFA4C19EA4EDC00596EB1 /* Main.storyboard in Resources */,
				03FCFA5119EA4EDC00596EB1 /* LaunchScreen.xib in Resources */,
				03FCFA4E19EA4EDC00596EB1 /* Images.xcassets in Resources */,
			);
			runOnlyForDeploymentPostprocessing = 0;
		};
/* End PBXResourcesBuildPhase section */

/* Begin PBXSourcesBuildPhase section */
		03FCFA3B19EA4EDC00596EB1 /* Sources */ = {
			isa = PBXSourcesBuildPhase;
			buildActionMask = 2147483647;
			files = (
				03FCFA7419EA5AAF00596EB1 /* net_test.cc in Sources */,
				03FCFA4919EA4EDC00596EB1 /* SecondViewController.swift in Sources */,
				03FCFA4519EA4EDC00596EB1 /* AppDelegate.swift in Sources */,
				03FCFA4719EA4EDC00596EB1 /* FirstViewController.swift in Sources */,
				03E114061A18305300F3EB87 /* base_test.cc in Sources */,
				03FCFA6B19EA522100596EB1 /* TestRunnerObjC.mm in Sources */,
			);
			runOnlyForDeploymentPostprocessing = 0;
		};
/* End PBXSourcesBuildPhase section */

/* Begin PBXVariantGroup section */
		03FCFA4A19EA4EDC00596EB1 /* Main.storyboard */ = {
			isa = PBXVariantGroup;
			children = (
				03FCFA4B19EA4EDC00596EB1 /* Base */,
			);
			name = Main.storyboard;
			sourceTree = "<group>";
		};
		03FCFA4F19EA4EDC00596EB1 /* LaunchScreen.xib */ = {
			isa = PBXVariantGroup;
			children = (
				03FCFA5019EA4EDC00596EB1 /* Base */,
			);
			name = LaunchScreen.xib;
			sourceTree = "<group>";
		};
/* End PBXVariantGroup section */

/* Begin XCBuildConfiguration section */
		03FCFA5E19EA4EDC00596EB1 /* Debug */ = {
			isa = XCBuildConfiguration;
			buildSettings = {
				ALWAYS_SEARCH_USER_PATHS = NO;
				CLANG_CXX_LANGUAGE_STANDARD = "gnu++0x";
				CLANG_CXX_LIBRARY = "libc++";
				CLANG_ENABLE_MODULES = YES;
				CLANG_ENABLE_OBJC_ARC = YES;
				CLANG_WARN_BOOL_CONVERSION = YES;
				CLANG_WARN_CONSTANT_CONVERSION = YES;
				CLANG_WARN_DIRECT_OBJC_ISA_USAGE = YES_ERROR;
				CLANG_WARN_EMPTY_BODY = YES;
				CLANG_WARN_ENUM_CONVERSION = YES;
				CLANG_WARN_INT_CONVERSION = YES;
				CLANG_WARN_OBJC_ROOT_CLASS = YES_ERROR;
				CLANG_WARN_UNREACHABLE_CODE = YES;
				CLANG_WARN__DUPLICATE_METHOD_MATCH = YES;
				"CODE_SIGN_IDENTITY[sdk=iphoneos*]" = "iPhone Developer";
				COPY_PHASE_STRIP = NO;
				ENABLE_STRICT_OBJC_MSGSEND = YES;
				GCC_C_LANGUAGE_STANDARD = gnu99;
				GCC_DYNAMIC_NO_PIC = NO;
				GCC_OPTIMIZATION_LEVEL = 0;
				GCC_PREPROCESSOR_DEFINITIONS = (
					"DEBUG=1",
					"$(inherited)",
				);
				GCC_SYMBOLS_PRIVATE_EXTERN = NO;
				GCC_WARN_64_TO_32_BIT_CONVERSION = YES;
				GCC_WARN_ABOUT_RETURN_TYPE = YES_ERROR;
				GCC_WARN_UNDECLARED_SELECTOR = YES;
				GCC_WARN_UNINITIALIZED_AUTOS = YES_AGGRESSIVE;
				GCC_WARN_UNUSED_FUNCTION = YES;
				GCC_WARN_UNUSED_VARIABLE = YES;
				IPHONEOS_DEPLOYMENT_TARGET = 8.0;
				MTL_ENABLE_DEBUG_INFO = YES;
				ONLY_ACTIVE_ARCH = YES;
				SDKROOT = iphoneos;
				SWIFT_OPTIMIZATION_LEVEL = "-Onone";
				TARGETED_DEVICE_FAMILY = 2;
			};
			name = Debug;
		};
		03FCFA5F19EA4EDC00596EB1 /* Release */ = {
			isa = XCBuildConfiguration;
			buildSettings = {
				ALWAYS_SEARCH_USER_PATHS = NO;
				CLANG_CXX_LANGUAGE_STANDARD = "gnu++0x";
				CLANG_CXX_LIBRARY = "libc++";
				CLANG_ENABLE_MODULES = YES;
				CLANG_ENABLE_OBJC_ARC = YES;
				CLANG_WARN_BOOL_CONVERSION = YES;
				CLANG_WARN_CONSTANT_CONVERSION = YES;
				CLANG_WARN_DIRECT_OBJC_ISA_USAGE = YES_ERROR;
				CLANG_WARN_EMPTY_BODY = YES;
				CLANG_WARN_ENUM_CONVERSION = YES;
				CLANG_WARN_INT_CONVERSION = YES;
				CLANG_WARN_OBJC_ROOT_CLASS = YES_ERROR;
				CLANG_WARN_UNREACHABLE_CODE = YES;
				CLANG_WARN__DUPLICATE_METHOD_MATCH = YES;
				"CODE_SIGN_IDENTITY[sdk=iphoneos*]" = "iPhone Developer";
				COPY_PHASE_STRIP = YES;
				ENABLE_NS_ASSERTIONS = NO;
				ENABLE_STRICT_OBJC_MSGSEND = YES;
				GCC_C_LANGUAGE_STANDARD = gnu99;
				GCC_WARN_64_TO_32_BIT_CONVERSION = YES;
				GCC_WARN_ABOUT_RETURN_TYPE = YES_ERROR;
				GCC_WARN_UNDECLARED_SELECTOR = YES;
				GCC_WARN_UNINITIALIZED_AUTOS = YES_AGGRESSIVE;
				GCC_WARN_UNUSED_FUNCTION = YES;
				GCC_WARN_UNUSED_VARIABLE = YES;
				IPHONEOS_DEPLOYMENT_TARGET = 8.0;
				MTL_ENABLE_DEBUG_INFO = NO;
				SDKROOT = iphoneos;
				TARGETED_DEVICE_FAMILY = 2;
				VALIDATE_PRODUCT = YES;
			};
			name = Release;
		};
		03FCFA6119EA4EDC00596EB1 /* Debug */ = {
			isa = XCBuildConfiguration;
			buildSettings = {
				ASSETCATALOG_COMPILER_APPICON_NAME = AppIcon;
				CLANG_ENABLE_MODULES = YES;
				FRAMEWORK_SEARCH_PATHS = (
					"$(inherited)",
					"$(PROJECT_DIR)",
				);
				HEADER_SEARCH_PATHS = (
					"$(inherited)",
					/Applications/Xcode.app/Contents/Developer/Toolchains/XcodeDefault.xctoolchain/usr/include,
					"$(PROJECT_DIR)",
					"$(PROJECT_DIR)/../../..",
				);
				INFOPLIST_FILE = testrunner/Info.plist;
				LD_RUNPATH_SEARCH_PATHS = "$(inherited) @executable_path/Frameworks";
				LIBRARY_SEARCH_PATHS = (
					"$(inherited)",
					"$(PROJECT_DIR)/gtest",
					"/Users/josh/hacking/mine/ios/Sketchy/om/io/build/Debug-iphoneos",
					"/Users/josh/hacking/mine/ios/Sketchy/om/base/build/Debug-iphoneos",
				);
				PRODUCT_NAME = "$(TARGET_NAME)";
				SWIFT_OBJC_BRIDGING_HEADER = "testrunner/testrunner-Bridging-Header.h";
				SWIFT_OPTIMIZATION_LEVEL = "-Onone";
			};
			name = Debug;
		};
		03FCFA6219EA4EDC00596EB1 /* Release */ = {
			isa = XCBuildConfiguration;
			buildSettings = {
				ASSETCATALOG_COMPILER_APPICON_NAME = AppIcon;
				CLANG_ENABLE_MODULES = YES;
				FRAMEWORK_SEARCH_PATHS = (
					"$(inherited)",
					"$(PROJECT_DIR)",
				);
				HEADER_SEARCH_PATHS = (
					"$(inherited)",
					/Applications/Xcode.app/Contents/Developer/Toolchains/XcodeDefault.xctoolchain/usr/include,
					"$(PROJECT_DIR)",
					"$(PROJECT_DIR)/../../..",
				);
				INFOPLIST_FILE = testrunner/Info.plist;
				LD_RUNPATH_SEARCH_PATHS = "$(inherited) @executable_path/Frameworks";
				LIBRARY_SEARCH_PATHS = (
					"$(inherited)",
					"$(PROJECT_DIR)/gtest",
					"/Users/josh/hacking/mine/ios/Sketchy/om/io/build/Debug-iphoneos",
					"/Users/josh/hacking/mine/ios/Sketchy/om/base/build/Debug-iphoneos",
				);
				PRODUCT_NAME = "$(TARGET_NAME)";
				SWIFT_OBJC_BRIDGING_HEADER = "testrunner/testrunner-Bridging-Header.h";
			};
			name = Release;
		};
/* End XCBuildConfiguration section */

/* Begin XCConfigurationList section */
		03FCFA3A19EA4EDC00596EB1 /* Build configuration list for PBXProject "testrunner" */ = {
			isa = XCConfigurationList;
			buildConfigurations = (
				03FCFA5E19EA4EDC00596EB1 /* Debug */,
				03FCFA5F19EA4EDC00596EB1 /* Release */,
			);
			defaultConfigurationIsVisible = 0;
			defaultConfigurationName = Release;
		};
		03FCFA6019EA4EDC00596EB1 /* Build configuration list for PBXNativeTarget "testrunner" */ = {
			isa = XCConfigurationList;
			buildConfigurations = (
				03FCFA6119EA4EDC00596EB1 /* Debug */,
				03FCFA6219EA4EDC00596EB1 /* Release */,
			);
			defaultConfigurationIsVisible = 0;
			defaultConfigurationName = Release;
		};
/* End XCConfigurationList section */
	};
	rootObject = 03FCFA3719EA4EDC00596EB1 /* Project object */;
}
